
Microsoft Visual Studio Solution File, Format Version 12.00
# Visual Studio Version 17
VisualStudioVersion = 17.4.33213.308
MinimumVisualStudioVersion = 10.0.40219.1
Project("{FAE04EC0-301F-11D3-BF4B-00C04F79EFBC}") = "proba", "proba\proba.csproj", "{0FAA80AB-04B4-4817-BAD7-D3C1EF0DC2F2}"
EndProject
Global
	GlobalSection(SolutionConfigurationPlatforms) = preSolution
		Debug|Any CPU = Debug|Any CPU
		Release|Any CPU = Release|Any CPU
	EndGlobalSection
	GlobalSection(ProjectConfigurationPlatforms) = postSolution
		{0FAA80AB-04B4-4817-BAD7-D3C1EF0DC2F2}.Debug|Any CPU.ActiveCfg = Debug|Any CPU
		{0FAA80AB-04B4-4817-BAD7-D3C1EF0DC2F2}.Debug|Any CPU.Build.0 = Debug|Any CPU
		{0FAA80AB-04B4-4817-BAD7-D3C1EF0DC2F2}.Release|Any CPU.ActiveCfg = Release|Any CPU
		{0FAA80AB-04B4-4817-BAD7-D3C1EF0DC2F2}.Release|Any CPU.Build.0 = Release|Any CPU
	EndGlobalSection
	GlobalSection(SolutionProperties) = preSolution
		HideSolutionNode = FALSE
	EndGlobalSection
	GlobalSection(ExtensibilityGlobals) = postSolution
		SolutionGuid = {6C486F61-645C-4F5E-9CCD-7EE7BF056D79}
	EndGlobalSection
EndGlobal
